// !$*UTF8*$!
{
	archiveVersion = 1;
	classes = {
	};
	objectVersion = 56;
	objects = {

/* Begin PBXBuildFile section */
		EB8E7C0BF2442EDE0051452D /* Pods_Compartz.framework in Frameworks */ = {isa = PBXBuildFile; fileRef = A79480EDDB200A98D319020C /* Pods_Compartz.framework */; };
		F824B5A62B930DC9005FADB3 /* API+Extensions.swift in Sources */ = {isa = PBXBuildFile; fileRef = F824B5A52B930DC9005FADB3 /* API+Extensions.swift */; };
		F824B5A82B930DD7005FADB3 /* API.swift in Sources */ = {isa = PBXBuildFile; fileRef = F824B5A72B930DD7005FADB3 /* API.swift */; };
		F824B5AB2B930E35005FADB3 /* NetworkManager.swift in Sources */ = {isa = PBXBuildFile; fileRef = F824B5AA2B930E35005FADB3 /* NetworkManager.swift */; };
		F824B5AE2B931C89005FADB3 /* MainTabView.swift in Sources */ = {isa = PBXBuildFile; fileRef = F824B5AD2B931C89005FADB3 /* MainTabView.swift */; };
		F824B5B02B931CFE005FADB3 /* HomeView.swift in Sources */ = {isa = PBXBuildFile; fileRef = F824B5AF2B931CFE005FADB3 /* HomeView.swift */; };
		F824B5B22B931D06005FADB3 /* CategoryView.swift in Sources */ = {isa = PBXBuildFile; fileRef = F824B5B12B931D06005FADB3 /* CategoryView.swift */; };
		F824B5B42B931D11005FADB3 /* MyPageView.swift in Sources */ = {isa = PBXBuildFile; fileRef = F824B5B32B931D11005FADB3 /* MyPageView.swift */; };
		F824B5BA2B931E55005FADB3 /* Banner.swift in Sources */ = {isa = PBXBuildFile; fileRef = F824B5B92B931E55005FADB3 /* Banner.swift */; };
		F824B5BD2B931F47005FADB3 /* Product.swift in Sources */ = {isa = PBXBuildFile; fileRef = F824B5BC2B931F47005FADB3 /* Product.swift */; };
		F824B5BF2B931F60005FADB3 /* Category.swift in Sources */ = {isa = PBXBuildFile; fileRef = F824B5BE2B931F60005FADB3 /* Category.swift */; };
		F824B5C12B931F71005FADB3 /* User.swift in Sources */ = {isa = PBXBuildFile; fileRef = F824B5C02B931F71005FADB3 /* User.swift */; };
		F824B5C32B931F80005FADB3 /* Order.swift in Sources */ = {isa = PBXBuildFile; fileRef = F824B5C22B931F80005FADB3 /* Order.swift */; };
		F824B5C52B931F96005FADB3 /* CartItem.swift in Sources */ = {isa = PBXBuildFile; fileRef = F824B5C42B931F96005FADB3 /* CartItem.swift */; };
		F8FFF4202B923A75001B375B /* CompartzApp.swift in Sources */ = {isa = PBXBuildFile; fileRef = F8FFF41F2B923A75001B375B /* CompartzApp.swift */; };
		F8FFF4222B923A75001B375B /* ContentView.swift in Sources */ = {isa = PBXBuildFile; fileRef = F8FFF4212B923A75001B375B /* ContentView.swift */; };
		F8FFF4242B923A76001B375B /* Assets.xcassets in Resources */ = {isa = PBXBuildFile; fileRef = F8FFF4232B923A76001B375B /* Assets.xcassets */; };
		F8FFF4272B923A76001B375B /* Preview Assets.xcassets in Resources */ = {isa = PBXBuildFile; fileRef = F8FFF4262B923A76001B375B /* Preview Assets.xcassets */; };
/* End PBXBuildFile section */

/* Begin PBXFileReference section */
		248AD6660550D36491899602 /* Pods-Compartz.debug.xcconfig */ = {isa = PBXFileReference; includeInIndex = 1; lastKnownFileType = text.xcconfig; name = "Pods-Compartz.debug.xcconfig"; path = "Target Support Files/Pods-Compartz/Pods-Compartz.debug.xcconfig"; sourceTree = "<group>"; };
		84F3945D72CDB868B13E2566 /* Pods-Compartz.release.xcconfig */ = {isa = PBXFileReference; includeInIndex = 1; lastKnownFileType = text.xcconfig; name = "Pods-Compartz.release.xcconfig"; path = "Target Support Files/Pods-Compartz/Pods-Compartz.release.xcconfig"; sourceTree = "<group>"; };
		A79480EDDB200A98D319020C /* Pods_Compartz.framework */ = {isa = PBXFileReference; explicitFileType = wrapper.framework; includeInIndex = 0; path = Pods_Compartz.framework; sourceTree = BUILT_PRODUCTS_DIR; };
		F824B5A52B930DC9005FADB3 /* API+Extensions.swift */ = {isa = PBXFileReference; lastKnownFileType = sourcecode.swift; path = "API+Extensions.swift"; sourceTree = "<group>"; };
		F824B5A72B930DD7005FADB3 /* API.swift */ = {isa = PBXFileReference; lastKnownFileType = sourcecode.swift; path = API.swift; sourceTree = "<group>"; };
		F824B5A92B930DEE005FADB3 /* Secrets.xcconfig */ = {isa = PBXFileReference; lastKnownFileType = text.xcconfig; path = Secrets.xcconfig; sourceTree = "<group>"; };
		F824B5AA2B930E35005FADB3 /* NetworkManager.swift */ = {isa = PBXFileReference; lastKnownFileType = sourcecode.swift; path = NetworkManager.swift; sourceTree = "<group>"; };
		F824B5AC2B930EFC005FADB3 /* Info.plist */ = {isa = PBXFileReference; lastKnownFileType = text.plist; path = Info.plist; sourceTree = "<group>"; };
		F824B5AD2B931C89005FADB3 /* MainTabView.swift */ = {isa = PBXFileReference; lastKnownFileType = sourcecode.swift; path = MainTabView.swift; sourceTree = "<group>"; };
		F824B5AF2B931CFE005FADB3 /* HomeView.swift */ = {isa = PBXFileReference; lastKnownFileType = sourcecode.swift; path = HomeView.swift; sourceTree = "<group>"; };
		F824B5B12B931D06005FADB3 /* CategoryView.swift */ = {isa = PBXFileReference; lastKnownFileType = sourcecode.swift; path = CategoryView.swift; sourceTree = "<group>"; };
		F824B5B32B931D11005FADB3 /* MyPageView.swift */ = {isa = PBXFileReference; lastKnownFileType = sourcecode.swift; path = MyPageView.swift; sourceTree = "<group>"; };
		F824B5B92B931E55005FADB3 /* Banner.swift */ = {isa = PBXFileReference; lastKnownFileType = sourcecode.swift; path = Banner.swift; sourceTree = "<group>"; };
		F824B5BC2B931F47005FADB3 /* Product.swift */ = {isa = PBXFileReference; lastKnownFileType = sourcecode.swift; path = Product.swift; sourceTree = "<group>"; };
		F824B5BE2B931F60005FADB3 /* Category.swift */ = {isa = PBXFileReference; lastKnownFileType = sourcecode.swift; path = Category.swift; sourceTree = "<group>"; };
		F824B5C02B931F71005FADB3 /* User.swift */ = {isa = PBXFileReference; lastKnownFileType = sourcecode.swift; path = User.swift; sourceTree = "<group>"; };
		F824B5C22B931F80005FADB3 /* Order.swift */ = {isa = PBXFileReference; lastKnownFileType = sourcecode.swift; path = Order.swift; sourceTree = "<group>"; };
		F824B5C42B931F96005FADB3 /* CartItem.swift */ = {isa = PBXFileReference; lastKnownFileType = sourcecode.swift; path = CartItem.swift; sourceTree = "<group>"; };
		F8FFF41C2B923A74001B375B /* Compartz.app */ = {isa = PBXFileReference; explicitFileType = wrapper.application; includeInIndex = 0; path = Compartz.app; sourceTree = BUILT_PRODUCTS_DIR; };
		F8FFF41F2B923A75001B375B /* CompartzApp.swift */ = {isa = PBXFileReference; lastKnownFileType = sourcecode.swift; path = CompartzApp.swift; sourceTree = "<group>"; };
		F8FFF4212B923A75001B375B /* ContentView.swift */ = {isa = PBXFileReference; lastKnownFileType = sourcecode.swift; path = ContentView.swift; sourceTree = "<group>"; };
		F8FFF4232B923A76001B375B /* Assets.xcassets */ = {isa = PBXFileReference; lastKnownFileType = folder.assetcatalog; path = Assets.xcassets; sourceTree = "<group>"; };
		F8FFF4262B923A76001B375B /* Preview Assets.xcassets */ = {isa = PBXFileReference; lastKnownFileType = folder.assetcatalog; path = "Preview Assets.xcassets"; sourceTree = "<group>"; };
/* End PBXFileReference section */

/* Begin PBXFrameworksBuildPhase section */
		F8FFF4192B923A74001B375B /* Frameworks */ = {
			isa = PBXFrameworksBuildPhase;
			buildActionMask = 2147483647;
			files = (
				EB8E7C0BF2442EDE0051452D /* Pods_Compartz.framework in Frameworks */,
			);
			runOnlyForDeploymentPostprocessing = 0;
		};
/* End PBXFrameworksBuildPhase section */

/* Begin PBXGroup section */
		6CF74AB2FB34ADB716558A54 /* Frameworks */ = {
			isa = PBXGroup;
			children = (
				A79480EDDB200A98D319020C /* Pods_Compartz.framework */,
			);
			name = Frameworks;
			sourceTree = "<group>";
		};
		9C9678A4CD7CE7870FC7CC32 /* Pods */ = {
			isa = PBXGroup;
			children = (
				248AD6660550D36491899602 /* Pods-Compartz.debug.xcconfig */,
				84F3945D72CDB868B13E2566 /* Pods-Compartz.release.xcconfig */,
			);
			path = Pods;
			sourceTree = "<group>";
		};
		F824B5A02B930D53005FADB3 /* Models */ = {
			isa = PBXGroup;
			children = (
				F824B5B92B931E55005FADB3 /* Banner.swift */,
				F824B5BC2B931F47005FADB3 /* Product.swift */,
				F824B5BE2B931F60005FADB3 /* Category.swift */,
				F824B5C02B931F71005FADB3 /* User.swift */,
				F824B5C22B931F80005FADB3 /* Order.swift */,
				F824B5C42B931F96005FADB3 /* CartItem.swift */,
			);
			path = Models;
			sourceTree = "<group>";
		};
		F824B5A12B930D5D005FADB3 /* ViewModels */ = {
			isa = PBXGroup;
			children = (
			);
			path = ViewModels;
			sourceTree = "<group>";
		};
		F824B5A22B930D64005FADB3 /* Views */ = {
			isa = PBXGroup;
			children = (
				F824B5B82B931DFE005FADB3 /* Home */,
				F824B5B72B931DF7005FADB3 /* Category */,
				F824B5B62B931DF0005FADB3 /* MyPage */,
				F824B5AD2B931C89005FADB3 /* MainTabView.swift */,
				F824B5AF2B931CFE005FADB3 /* HomeView.swift */,
				F824B5B12B931D06005FADB3 /* CategoryView.swift */,
				F824B5B32B931D11005FADB3 /* MyPageView.swift */,
			);
			path = Views;
			sourceTree = "<group>";
		};
		F824B5A32B930D7A005FADB3 /* Network */ = {
			isa = PBXGroup;
			children = (
				F824B5A72B930DD7005FADB3 /* API.swift */,
				F824B5A52B930DC9005FADB3 /* API+Extensions.swift */,
				F824B5AA2B930E35005FADB3 /* NetworkManager.swift */,
			);
			path = Network;
			sourceTree = "<group>";
		};
		F824B5A42B930D82005FADB3 /* Utils */ = {
			isa = PBXGroup;
			children = (
			);
			path = Utils;
			sourceTree = "<group>";
		};
		F824B5B62B931DF0005FADB3 /* MyPage */ = {
			isa = PBXGroup;
			children = (
			);
			path = MyPage;
			sourceTree = "<group>";
		};
		F824B5B72B931DF7005FADB3 /* Category */ = {
			isa = PBXGroup;
			children = (
			);
			path = Category;
			sourceTree = "<group>";
		};
		F824B5B82B931DFE005FADB3 /* Home */ = {
			isa = PBXGroup;
			children = (
			);
			path = Home;
			sourceTree = "<group>";
		};
		F8FFF4132B923A74001B375B = {
			isa = PBXGroup;
			children = (
				F8FFF41E2B923A74001B375B /* Compartz */,
				F8FFF41D2B923A74001B375B /* Products */,
				9C9678A4CD7CE7870FC7CC32 /* Pods */,
				6CF74AB2FB34ADB716558A54 /* Frameworks */,
			);
			sourceTree = "<group>";
		};
		F8FFF41D2B923A74001B375B /* Products */ = {
			isa = PBXGroup;
			children = (
				F8FFF41C2B923A74001B375B /* Compartz.app */,
			);
			name = Products;
			sourceTree = "<group>";
		};
		F8FFF41E2B923A74001B375B /* Compartz */ = {
			isa = PBXGroup;
			children = (
				F824B5AC2B930EFC005FADB3 /* Info.plist */,
				F824B5A22B930D64005FADB3 /* Views */,
				F824B5A12B930D5D005FADB3 /* ViewModels */,
				F824B5A02B930D53005FADB3 /* Models */,
				F824B5A32B930D7A005FADB3 /* Network */,
				F824B5A42B930D82005FADB3 /* Utils */,
				F8FFF41F2B923A75001B375B /* CompartzApp.swift */,
				F8FFF4212B923A75001B375B /* ContentView.swift */,
				F8FFF4232B923A76001B375B /* Assets.xcassets */,
				F8FFF4252B923A76001B375B /* Preview Content */,
				F824B5A92B930DEE005FADB3 /* Secrets.xcconfig */,
			);
			path = Compartz;
			sourceTree = "<group>";
		};
		F8FFF4252B923A76001B375B /* Preview Content */ = {
			isa = PBXGroup;
			children = (
				F8FFF4262B923A76001B375B /* Preview Assets.xcassets */,
			);
			path = "Preview Content";
			sourceTree = "<group>";
		};
/* End PBXGroup section */

/* Begin PBXNativeTarget section */
		F8FFF41B2B923A74001B375B /* Compartz */ = {
			isa = PBXNativeTarget;
			buildConfigurationList = F8FFF42A2B923A76001B375B /* Build configuration list for PBXNativeTarget "Compartz" */;
			buildPhases = (
				02047E2EA9547BDC13485A1D /* [CP] Check Pods Manifest.lock */,
				F8FFF4182B923A74001B375B /* Sources */,
				F8FFF4192B923A74001B375B /* Frameworks */,
				F8FFF41A2B923A74001B375B /* Resources */,
				CA690853B9BCFC515857B5C3 /* [CP] Embed Pods Frameworks */,
			);
			buildRules = (
			);
			dependencies = (
			);
			name = Compartz;
			productName = Compartz;
			productReference = F8FFF41C2B923A74001B375B /* Compartz.app */;
			productType = "com.apple.product-type.application";
		};
/* End PBXNativeTarget section */

/* Begin PBXProject section */
		F8FFF4142B923A74001B375B /* Project object */ = {
			isa = PBXProject;
			attributes = {
				BuildIndependentTargetsInParallel = 1;
				LastSwiftUpdateCheck = 1520;
				LastUpgradeCheck = 1520;
				TargetAttributes = {
					F8FFF41B2B923A74001B375B = {
						CreatedOnToolsVersion = 15.2;
					};
				};
			};
			buildConfigurationList = F8FFF4172B923A74001B375B /* Build configuration list for PBXProject "Compartz" */;
			compatibilityVersion = "Xcode 14.0";
			developmentRegion = en;
			hasScannedForEncodings = 0;
			knownRegions = (
				en,
				Base,
			);
			mainGroup = F8FFF4132B923A74001B375B;
			productRefGroup = F8FFF41D2B923A74001B375B /* Products */;
			projectDirPath = "";
			projectRoot = "";
			targets = (
				F8FFF41B2B923A74001B375B /* Compartz */,
			);
		};
/* End PBXProject section */

/* Begin PBXResourcesBuildPhase section */
		F8FFF41A2B923A74001B375B /* Resources */ = {
			isa = PBXResourcesBuildPhase;
			buildActionMask = 2147483647;
			files = (
				F8FFF4272B923A76001B375B /* Preview Assets.xcassets in Resources */,
				F8FFF4242B923A76001B375B /* Assets.xcassets in Resources */,
			);
			runOnlyForDeploymentPostprocessing = 0;
		};
/* End PBXResourcesBuildPhase section */

/* Begin PBXShellScriptBuildPhase section */
		02047E2EA9547BDC13485A1D /* [CP] Check Pods Manifest.lock */ = {
			isa = PBXShellScriptBuildPhase;
			buildActionMask = 2147483647;
			files = (
			);
			inputFileListPaths = (
			);
			inputPaths = (
				"${PODS_PODFILE_DIR_PATH}/Podfile.lock",
				"${PODS_ROOT}/Manifest.lock",
			);
			name = "[CP] Check Pods Manifest.lock";
			outputFileListPaths = (
			);
			outputPaths = (
				"$(DERIVED_FILE_DIR)/Pods-Compartz-checkManifestLockResult.txt",
			);
			runOnlyForDeploymentPostprocessing = 0;
			shellPath = /bin/sh;
			shellScript = "diff \"${PODS_PODFILE_DIR_PATH}/Podfile.lock\" \"${PODS_ROOT}/Manifest.lock\" > /dev/null\nif [ $? != 0 ] ; then\n    # print error to STDERR\n    echo \"error: The sandbox is not in sync with the Podfile.lock. Run 'pod install' or update your CocoaPods installation.\" >&2\n    exit 1\nfi\n# This output is used by Xcode 'outputs' to avoid re-running this script phase.\necho \"SUCCESS\" > \"${SCRIPT_OUTPUT_FILE_0}\"\n";
			showEnvVarsInLog = 0;
		};
		CA690853B9BCFC515857B5C3 /* [CP] Embed Pods Frameworks */ = {
			isa = PBXShellScriptBuildPhase;
			buildActionMask = 2147483647;
			files = (
			);
			inputFileListPaths = (
				"${PODS_ROOT}/Target Support Files/Pods-Compartz/Pods-Compartz-frameworks-${CONFIGURATION}-input-files.xcfilelist",
			);
			name = "[CP] Embed Pods Frameworks";
			outputFileListPaths = (
				"${PODS_ROOT}/Target Support Files/Pods-Compartz/Pods-Compartz-frameworks-${CONFIGURATION}-output-files.xcfilelist",
			);
			runOnlyForDeploymentPostprocessing = 0;
			shellPath = /bin/sh;
			shellScript = "\"${PODS_ROOT}/Target Support Files/Pods-Compartz/Pods-Compartz-frameworks.sh\"\n";
			showEnvVarsInLog = 0;
		};
/* End PBXShellScriptBuildPhase section */

/* Begin PBXSourcesBuildPhase section */
		F8FFF4182B923A74001B375B /* Sources */ = {
			isa = PBXSourcesBuildPhase;
			buildActionMask = 2147483647;
			files = (
				F824B5C12B931F71005FADB3 /* User.swift in Sources */,
				F8FFF4222B923A75001B375B /* ContentView.swift in Sources */,
				F824B5B02B931CFE005FADB3 /* HomeView.swift in Sources */,
				F824B5A62B930DC9005FADB3 /* API+Extensions.swift in Sources */,
				F824B5AB2B930E35005FADB3 /* NetworkManager.swift in Sources */,
				F824B5A82B930DD7005FADB3 /* API.swift in Sources */,
				F824B5C32B931F80005FADB3 /* Order.swift in Sources */,
				F824B5BD2B931F47005FADB3 /* Product.swift in Sources */,
				F824B5B42B931D11005FADB3 /* MyPageView.swift in Sources */,
				F8FFF4202B923A75001B375B /* CompartzApp.swift in Sources */,
				F824B5BA2B931E55005FADB3 /* Banner.swift in Sources */,
				F824B5B22B931D06005FADB3 /* CategoryView.swift in Sources */,
				F824B5AE2B931C89005FADB3 /* MainTabView.swift in Sources */,
				F824B5C52B931F96005FADB3 /* CartItem.swift in Sources */,
				F824B5BF2B931F60005FADB3 /* Category.swift in Sources */,
			);
			runOnlyForDeploymentPostprocessing = 0;
		};
/* End PBXSourcesBuildPhase section */

/* Begin XCBuildConfiguration section */
		F8FFF4282B923A76001B375B /* Debug */ = {
			isa = XCBuildConfiguration;
			buildSettings = {
				ALWAYS_SEARCH_USER_PATHS = NO;
				ASSETCATALOG_COMPILER_GENERATE_SWIFT_ASSET_SYMBOL_EXTENSIONS = YES;
				CLANG_ANALYZER_NONNULL = YES;
				CLANG_ANALYZER_NUMBER_OBJECT_CONVERSION = YES_AGGRESSIVE;
				CLANG_CXX_LANGUAGE_STANDARD = "gnu++20";
				CLANG_ENABLE_MODULES = YES;
				CLANG_ENABLE_OBJC_ARC = YES;
				CLANG_ENABLE_OBJC_WEAK = YES;
				CLANG_WARN_BLOCK_CAPTURE_AUTORELEASING = YES;
				CLANG_WARN_BOOL_CONVERSION = YES;
				CLANG_WARN_COMMA = YES;
				CLANG_WARN_CONSTANT_CONVERSION = YES;
				CLANG_WARN_DEPRECATED_OBJC_IMPLEMENTATIONS = YES;
				CLANG_WARN_DIRECT_OBJC_ISA_USAGE = YES_ERROR;
				CLANG_WARN_DOCUMENTATION_COMMENTS = YES;
				CLANG_WARN_EMPTY_BODY = YES;
				CLANG_WARN_ENUM_CONVERSION = YES;
				CLANG_WARN_INFINITE_RECURSION = YES;
				CLANG_WARN_INT_CONVERSION = YES;
				CLANG_WARN_NON_LITERAL_NULL_CONVERSION = YES;
				CLANG_WARN_OBJC_IMPLICIT_RETAIN_SELF = YES;
				CLANG_WARN_OBJC_LITERAL_CONVERSION = YES;
				CLANG_WARN_OBJC_ROOT_CLASS = YES_ERROR;
				CLANG_WARN_QUOTED_INCLUDE_IN_FRAMEWORK_HEADER = YES;
				CLANG_WARN_RANGE_LOOP_ANALYSIS = YES;
				CLANG_WARN_STRICT_PROTOTYPES = YES;
				CLANG_WARN_SUSPICIOUS_MOVE = YES;
				CLANG_WARN_UNGUARDED_AVAILABILITY = YES_AGGRESSIVE;
				CLANG_WARN_UNREACHABLE_CODE = YES;
				CLANG_WARN__DUPLICATE_METHOD_MATCH = YES;
				COPY_PHASE_STRIP = NO;
				DEBUG_INFORMATION_FORMAT = dwarf;
				ENABLE_STRICT_OBJC_MSGSEND = YES;
				ENABLE_TESTABILITY = YES;
				ENABLE_USER_SCRIPT_SANDBOXING = NO;
				GCC_C_LANGUAGE_STANDARD = gnu17;
				GCC_DYNAMIC_NO_PIC = NO;
				GCC_NO_COMMON_BLOCKS = YES;
				GCC_OPTIMIZATION_LEVEL = 0;
				GCC_PREPROCESSOR_DEFINITIONS = (
					"DEBUG=1",
					"$(inherited)",
				);
				GCC_WARN_64_TO_32_BIT_CONVERSION = YES;
				GCC_WARN_ABOUT_RETURN_TYPE = YES_ERROR;
				GCC_WARN_UNDECLARED_SELECTOR = YES;
				GCC_WARN_UNINITIALIZED_AUTOS = YES_AGGRESSIVE;
				GCC_WARN_UNUSED_FUNCTION = YES;
				GCC_WARN_UNUSED_VARIABLE = YES;
				IPHONEOS_DEPLOYMENT_TARGET = 17.2;
				LOCALIZATION_PREFERS_STRING_CATALOGS = YES;
				MTL_ENABLE_DEBUG_INFO = INCLUDE_SOURCE;
				MTL_FAST_MATH = YES;
				ONLY_ACTIVE_ARCH = YES;
				SDKROOT = iphoneos;
				SWIFT_ACTIVE_COMPILATION_CONDITIONS = "DEBUG $(inherited)";
				SWIFT_OPTIMIZATION_LEVEL = "-Onone";
			};
			name = Debug;
		};
		F8FFF4292B923A76001B375B /* Release */ = {
			isa = XCBuildConfiguration;
			buildSettings = {
				ALWAYS_SEARCH_USER_PATHS = NO;
				ASSETCATALOG_COMPILER_GENERATE_SWIFT_ASSET_SYMBOL_EXTENSIONS = YES;
				CLANG_ANALYZER_NONNULL = YES;
				CLANG_ANALYZER_NUMBER_OBJECT_CONVERSION = YES_AGGRESSIVE;
				CLANG_CXX_LANGUAGE_STANDARD = "gnu++20";
				CLANG_ENABLE_MODULES = YES;
				CLANG_ENABLE_OBJC_ARC = YES;
				CLANG_ENABLE_OBJC_WEAK = YES;
				CLANG_WARN_BLOCK_CAPTURE_AUTORELEASING = YES;
				CLANG_WARN_BOOL_CONVERSION = YES;
				CLANG_WARN_COMMA = YES;
				CLANG_WARN_CONSTANT_CONVERSION = YES;
				CLANG_WARN_DEPRECATED_OBJC_IMPLEMENTATIONS = YES;
				CLANG_WARN_DIRECT_OBJC_ISA_USAGE = YES_ERROR;
				CLANG_WARN_DOCUMENTATION_COMMENTS = YES;
				CLANG_WARN_EMPTY_BODY = YES;
				CLANG_WARN_ENUM_CONVERSION = YES;
				CLANG_WARN_INFINITE_RECURSION = YES;
				CLANG_WARN_INT_CONVERSION = YES;
				CLANG_WARN_NON_LITERAL_NULL_CONVERSION = YES;
				CLANG_WARN_OBJC_IMPLICIT_RETAIN_SELF = YES;
				CLANG_WARN_OBJC_LITERAL_CONVERSION = YES;
				CLANG_WARN_OBJC_ROOT_CLASS = YES_ERROR;
				CLANG_WARN_QUOTED_INCLUDE_IN_FRAMEWORK_HEADER = YES;
				CLANG_WARN_RANGE_LOOP_ANALYSIS = YES;
				CLANG_WARN_STRICT_PROTOTYPES = YES;
				CLANG_WARN_SUSPICIOUS_MOVE = YES;
				CLANG_WARN_UNGUARDED_AVAILABILITY = YES_AGGRESSIVE;
				CLANG_WARN_UNREACHABLE_CODE = YES;
				CLANG_WARN__DUPLICATE_METHOD_MATCH = YES;
				COPY_PHASE_STRIP = NO;
				DEBUG_INFORMATION_FORMAT = "dwarf-with-dsym";
				ENABLE_NS_ASSERTIONS = NO;
				ENABLE_STRICT_OBJC_MSGSEND = YES;
				ENABLE_USER_SCRIPT_SANDBOXING = NO;
				GCC_C_LANGUAGE_STANDARD = gnu17;
				GCC_NO_COMMON_BLOCKS = YES;
				GCC_WARN_64_TO_32_BIT_CONVERSION = YES;
				GCC_WARN_ABOUT_RETURN_TYPE = YES_ERROR;
				GCC_WARN_UNDECLARED_SELECTOR = YES;
				GCC_WARN_UNINITIALIZED_AUTOS = YES_AGGRESSIVE;
				GCC_WARN_UNUSED_FUNCTION = YES;
				GCC_WARN_UNUSED_VARIABLE = YES;
				IPHONEOS_DEPLOYMENT_TARGET = 17.2;
				LOCALIZATION_PREFERS_STRING_CATALOGS = YES;
				MTL_ENABLE_DEBUG_INFO = NO;
				MTL_FAST_MATH = YES;
				SDKROOT = iphoneos;
				SWIFT_COMPILATION_MODE = wholemodule;
				VALIDATE_PRODUCT = YES;
			};
			name = Release;
		};
		F8FFF42B2B923A76001B375B /* Debug */ = {
			isa = XCBuildConfiguration;
			baseConfigurationReference = F824B5A92B930DEE005FADB3 /* Secrets.xcconfig */;
			buildSettings = {
				ASSETCATALOG_COMPILER_APPICON_NAME = AppIcon;
				ASSETCATALOG_COMPILER_GLOBAL_ACCENT_COLOR_NAME = AccentColor;
				CODE_SIGN_STYLE = Automatic;
				CURRENT_PROJECT_VERSION = 1;
				DEVELOPMENT_ASSET_PATHS = "\"Compartz/Preview Content\"";
				DEVELOPMENT_TEAM = 96KDP35MCD;
				ENABLE_PREVIEWS = YES;
				GENERATE_INFOPLIST_FILE = YES;
				INFOPLIST_FILE = Compartz/Info.plist;
				INFOPLIST_KEY_UIApplicationSceneManifest_Generation = YES;
				INFOPLIST_KEY_UIApplicationSupportsIndirectInputEvents = YES;
				INFOPLIST_KEY_UILaunchScreen_Generation = YES;
				INFOPLIST_KEY_UISupportedInterfaceOrientations_iPad = "UIInterfaceOrientationPortrait UIInterfaceOrientationPortraitUpsideDown UIInterfaceOrientationLandscapeLeft UIInterfaceOrientationLandscapeRight";
				INFOPLIST_KEY_UISupportedInterfaceOrientations_iPhone = "UIInterfaceOrientationPortrait UIInterfaceOrientationLandscapeLeft UIInterfaceOrientationLandscapeRight";
				LD_RUNPATH_SEARCH_PATHS = (
					"$(inherited)",
					"@executable_path/Frameworks",
				);
				MARKETING_VERSION = 1.0;
				PRODUCT_BUNDLE_IDENTIFIER = com.zeroh.Compartz;
				PRODUCT_NAME = "$(TARGET_NAME)";
				SWIFT_EMIT_LOC_STRINGS = YES;
				SWIFT_VERSION = 5.0;
				TARGETED_DEVICE_FAMILY = "1,2";
			};
			name = Debug;
		};
		F8FFF42C2B923A76001B375B /* Release */ = {
			isa = XCBuildConfiguration;
			baseConfigurationReference = 84F3945D72CDB868B13E2566 /* Pods-Compartz.release.xcconfig */;
			buildSettings = {
				ASSETCATALOG_COMPILER_APPICON_NAME = AppIcon;
				ASSETCATALOG_COMPILER_GLOBAL_ACCENT_COLOR_NAME = AccentColor;
				CODE_SIGN_STYLE = Automatic;
				CURRENT_PROJECT_VERSION = 1;
				DEVELOPMENT_ASSET_PATHS = "\"Compartz/Preview Content\"";
				DEVELOPMENT_TEAM = 96KDP35MCD;
				ENABLE_PREVIEWS = YES;
				GENERATE_INFOPLIST_FILE = YES;
				INFOPLIST_FILE = Compartz/Info.plist;
				INFOPLIST_KEY_UIApplicationSceneManifest_Generation = YES;
				INFOPLIST_KEY_UIApplicationSupportsIndirectInputEvents = YES;
				INFOPLIST_KEY_UILaunchScreen_Generation = YES;
				INFOPLIST_KEY_UISupportedInterfaceOrientations_iPad = "UIInterfaceOrientationPortrait UIInterfaceOrientationPortraitUpsideDown UIInterfaceOrientationLandscapeLeft UIInterfaceOrientationLandscapeRight";
				INFOPLIST_KEY_UISupportedInterfaceOrientations_iPhone = "UIInterfaceOrientationPortrait UIInterfaceOrientationLandscapeLeft UIInterfaceOrientationLandscapeRight";
				LD_RUNPATH_SEARCH_PATHS = (
					"$(inherited)",
					"@executable_path/Frameworks",
				);
				MARKETING_VERSION = 1.0;
				PRODUCT_BUNDLE_IDENTIFIER = com.zeroh.Compartz;
				PRODUCT_NAME = "$(TARGET_NAME)";
				SWIFT_EMIT_LOC_STRINGS = YES;
				SWIFT_VERSION = 5.0;
				TARGETED_DEVICE_FAMILY = "1,2";
			};
			name = Release;
		};
/* End XCBuildConfiguration section */

/* Begin XCConfigurationList section */
		F8FFF4172B923A74001B375B /* Build configuration list for PBXProject "Compartz" */ = {
			isa = XCConfigurationList;
			buildConfigurations = (
				F8FFF4282B923A76001B375B /* Debug */,
				F8FFF4292B923A76001B375B /* Release */,
			);
			defaultConfigurationIsVisible = 0;
			defaultConfigurationName = Release;
		};
		F8FFF42A2B923A76001B375B /* Build configuration list for PBXNativeTarget "Compartz" */ = {
			isa = XCConfigurationList;
			buildConfigurations = (
				F8FFF42B2B923A76001B375B /* Debug */,
				F8FFF42C2B923A76001B375B /* Release */,
			);
			defaultConfigurationIsVisible = 0;
			defaultConfigurationName = Release;
		};
/* End XCConfigurationList section */
	};
	rootObject = F8FFF4142B923A74001B375B /* Project object */;
}
